
Microsoft Visual Studio Solution File, Format Version 12.00
# Visual Studio 15
VisualStudioVersion = 15.0.27130.2027
MinimumVisualStudioVersion = 10.0.40219.1
Project("{9A19103F-16F7-4668-BE54-9A1E7A4F7556}") = "PhonebookApi", "PhonebookApi\PhonebookApi.csproj", "{45C841EF-17EC-465E-9CA7-C3E9D59DE5D2}"
EndProject
Project("{FAE04EC0-301F-11D3-BF4B-00C04F79EFBC}") = "PhonebookApi.Tests", "PhonebookApi.Tests\PhonebookApi.Tests.csproj", "{5BE5CA96-C60F-4C79-8DA2-3BF6090D07FC}"
EndProject
Global
	GlobalSection(SolutionConfigurationPlatforms) = preSolution
		Debug|Any CPU = Debug|Any CPU
		Release|Any CPU = Release|Any CPU
	EndGlobalSection
	GlobalSection(ProjectConfigurationPlatforms) = postSolution
		{45C841EF-17EC-465E-9CA7-C3E9D59DE5D2}.Debug|Any CPU.ActiveCfg = Debug|Any CPU
		{45C841EF-17EC-465E-9CA7-C3E9D59DE5D2}.Debug|Any CPU.Build.0 = Debug|Any CPU
		{45C841EF-17EC-465E-9CA7-C3E9D59DE5D2}.Release|Any CPU.ActiveCfg = Release|Any CPU
		{45C841EF-17EC-465E-9CA7-C3E9D59DE5D2}.Release|Any CPU.Build.0 = Release|Any CPU
		{5BE5CA96-C60F-4C79-8DA2-3BF6090D07FC}.Debug|Any CPU.ActiveCfg = Debug|Any CPU
		{5BE5CA96-C60F-4C79-8DA2-3BF6090D07FC}.Debug|Any CPU.Build.0 = Debug|Any CPU
		{5BE5CA96-C60F-4C79-8DA2-3BF6090D07FC}.Release|Any CPU.ActiveCfg = Release|Any CPU
		{5BE5CA96-C60F-4C79-8DA2-3BF6090D07FC}.Release|Any CPU.Build.0 = Release|Any CPU
	EndGlobalSection
	GlobalSection(SolutionProperties) = preSolution
		HideSolutionNode = FALSE
	EndGlobalSection
	GlobalSection(ExtensibilityGlobals) = postSolution
		SolutionGuid = {0AB71EDB-5F94-44F4-B07C-DE6EDF4B6F5A}
	EndGlobalSection
EndGlobal
